
Microsoft Visual Studio Solution File, Format Version 12.00
# Visual Studio Version 16
VisualStudioVersion = 16.0.29827.131
MinimumVisualStudioVersion = 10.0.40219.1
Project("{9A19103F-16F7-4668-BE54-9A1E7A4F7556}") = "PresentationLayer", "PresentationLayer\PresentationLayer.csproj", "{6F5AB508-8FE6-4D85-B20C-082AF77F8962}"
EndProject
Project("{9A19103F-16F7-4668-BE54-9A1E7A4F7556}") = "PersistenceLayer", "PersistenceLayer\PersistenceLayer.csproj", "{E5EEB66A-07B0-478F-AD4E-C0B78E52C0E8}"
EndProject
Project("{9A19103F-16F7-4668-BE54-9A1E7A4F7556}") = "BusinessLayer", "BusinessLayer\BusinessLayer.csproj", "{2F983197-04C2-4B2A-8990-52762A992405}"
EndProject
Project("{FAE04EC0-301F-11D3-BF4B-00C04F79EFBC}") = "Tests", "Tests\Tests.csproj", "{A4C42032-433A-4687-8499-2311FCD62D11}"
EndProject
Global
	GlobalSection(SolutionConfigurationPlatforms) = preSolution
		Debug|Any CPU = Debug|Any CPU
		Release|Any CPU = Release|Any CPU
	EndGlobalSection
	GlobalSection(ProjectConfigurationPlatforms) = postSolution
		{6F5AB508-8FE6-4D85-B20C-082AF77F8962}.Debug|Any CPU.ActiveCfg = Debug|Any CPU
		{6F5AB508-8FE6-4D85-B20C-082AF77F8962}.Debug|Any CPU.Build.0 = Debug|Any CPU
		{6F5AB508-8FE6-4D85-B20C-082AF77F8962}.Release|Any CPU.ActiveCfg = Release|Any CPU
		{6F5AB508-8FE6-4D85-B20C-082AF77F8962}.Release|Any CPU.Build.0 = Release|Any CPU
		{E5EEB66A-07B0-478F-AD4E-C0B78E52C0E8}.Debug|Any CPU.ActiveCfg = Debug|Any CPU
		{E5EEB66A-07B0-478F-AD4E-C0B78E52C0E8}.Debug|Any CPU.Build.0 = Debug|Any CPU
		{E5EEB66A-07B0-478F-AD4E-C0B78E52C0E8}.Release|Any CPU.ActiveCfg = Release|Any CPU
		{E5EEB66A-07B0-478F-AD4E-C0B78E52C0E8}.Release|Any CPU.Build.0 = Release|Any CPU
		{2F983197-04C2-4B2A-8990-52762A992405}.Debug|Any CPU.ActiveCfg = Debug|Any CPU
		{2F983197-04C2-4B2A-8990-52762A992405}.Debug|Any CPU.Build.0 = Debug|Any CPU
		{2F983197-04C2-4B2A-8990-52762A992405}.Release|Any CPU.ActiveCfg = Release|Any CPU
		{2F983197-04C2-4B2A-8990-52762A992405}.Release|Any CPU.Build.0 = Release|Any CPU
		{A4C42032-433A-4687-8499-2311FCD62D11}.Debug|Any CPU.ActiveCfg = Debug|Any CPU
		{A4C42032-433A-4687-8499-2311FCD62D11}.Debug|Any CPU.Build.0 = Debug|Any CPU
		{A4C42032-433A-4687-8499-2311FCD62D11}.Release|Any CPU.ActiveCfg = Release|Any CPU
		{A4C42032-433A-4687-8499-2311FCD62D11}.Release|Any CPU.Build.0 = Release|Any CPU
	EndGlobalSection
	GlobalSection(SolutionProperties) = preSolution
		HideSolutionNode = FALSE
	EndGlobalSection
	GlobalSection(ExtensibilityGlobals) = postSolution
		SolutionGuid = {4296FE9C-8796-426E-B45A-D0D769F013A9}
	EndGlobalSection
EndGlobal
